
Microsoft Visual Studio Solution File, Format Version 12.00
# Visual Studio Version 16
VisualStudioVersion = 16.0.29806.167
MinimumVisualStudioVersion = 10.0.40219.1
Project("{2150E333-8FDC-42A3-9474-1A3956D46DE8}") = "src", "src", "{FB27B4B3-9708-47FC-BD6B-F9BF052EBCDB}"
EndProject
Project("{2150E333-8FDC-42A3-9474-1A3956D46DE8}") = "NotificationHubSystem.Core", "NotificationHubSystem.Core", "{B036A77C-0BAF-4FAC-89B1-18CD894D632A}"
EndProject
Project("{9A19103F-16F7-4668-BE54-9A1E7A4F7556}") = "NotificationHubSystem.Core", "NotificationHubSystem\NotificationHubSystem.Core\NotificationHubSystem.Core.csproj", "{54C15FB4-C895-43A8-8109-5FC63B9762FD}"
EndProject
Project("{2150E333-8FDC-42A3-9474-1A3956D46DE8}") = "NotificationHubSystem.Infrastructure", "NotificationHubSystem.Infrastructure", "{976B024F-6C05-4C1A-9B11-B40ACE542068}"
EndProject
Project("{9A19103F-16F7-4668-BE54-9A1E7A4F7556}") = "NotificationHubSystem.Infrastructure", "NotificationHubSystem\NotificationHubSystem.Infrastructure\NotificationHubSystem.Infrastructure.csproj", "{039F7001-8457-460C-A73C-1BBF7AA51B2A}"
EndProject
Project("{2150E333-8FDC-42A3-9474-1A3956D46DE8}") = "NotificationHubSystem.SharedKernel", "NotificationHubSystem.SharedKernel", "{297B4DB7-777B-44BA-9AC4-7538EF0EC7A1}"
EndProject
Project("{9A19103F-16F7-4668-BE54-9A1E7A4F7556}") = "NotificationHubSystem.SharedKernal", "NotificationHubSystem\NotificationHubSystem.SharedKernal\NotificationHubSystem.SharedKernal.csproj", "{A66249BD-41A7-43BA-8FE6-CF602B1903CF}"
EndProject
Project("{2150E333-8FDC-42A3-9474-1A3956D46DE8}") = "NotificationHubSystem.Presentation", "NotificationHubSystem.Presentation", "{7873B41D-FD8A-4434-9FB5-463A947492E0}"
EndProject
Project("{9A19103F-16F7-4668-BE54-9A1E7A4F7556}") = "NotificationHubSystem.Presentation.API", "NotificationHubSystem\NotificationHubSystem.Presentation.API\NotificationHubSystem.Presentation.API.csproj", "{30CA754D-5247-46E3-8069-D67D92EF33B0}"
EndProject
Project("{9A19103F-16F7-4668-BE54-9A1E7A4F7556}") = "NotificationHubSystem.Presentation.WS", "NotificationHubSystem.Presentation.WS\NotificationHubSystem.Presentation.WS.csproj", "{4DD54C98-9D97-404D-B37D-A6ED43B6C3F3}"
EndProject
Global
	GlobalSection(SolutionConfigurationPlatforms) = preSolution
		Debug|Any CPU = Debug|Any CPU
		Release|Any CPU = Release|Any CPU
	EndGlobalSection
	GlobalSection(ProjectConfigurationPlatforms) = postSolution
		{54C15FB4-C895-43A8-8109-5FC63B9762FD}.Debug|Any CPU.ActiveCfg = Debug|Any CPU
		{54C15FB4-C895-43A8-8109-5FC63B9762FD}.Debug|Any CPU.Build.0 = Debug|Any CPU
		{54C15FB4-C895-43A8-8109-5FC63B9762FD}.Release|Any CPU.ActiveCfg = Release|Any CPU
		{54C15FB4-C895-43A8-8109-5FC63B9762FD}.Release|Any CPU.Build.0 = Release|Any CPU
		{039F7001-8457-460C-A73C-1BBF7AA51B2A}.Debug|Any CPU.ActiveCfg = Debug|Any CPU
		{039F7001-8457-460C-A73C-1BBF7AA51B2A}.Debug|Any CPU.Build.0 = Debug|Any CPU
		{039F7001-8457-460C-A73C-1BBF7AA51B2A}.Release|Any CPU.ActiveCfg = Release|Any CPU
		{039F7001-8457-460C-A73C-1BBF7AA51B2A}.Release|Any CPU.Build.0 = Release|Any CPU
		{A66249BD-41A7-43BA-8FE6-CF602B1903CF}.Debug|Any CPU.ActiveCfg = Debug|Any CPU
		{A66249BD-41A7-43BA-8FE6-CF602B1903CF}.Debug|Any CPU.Build.0 = Debug|Any CPU
		{A66249BD-41A7-43BA-8FE6-CF602B1903CF}.Release|Any CPU.ActiveCfg = Release|Any CPU
		{A66249BD-41A7-43BA-8FE6-CF602B1903CF}.Release|Any CPU.Build.0 = Release|Any CPU
		{30CA754D-5247-46E3-8069-D67D92EF33B0}.Debug|Any CPU.ActiveCfg = Debug|Any CPU
		{30CA754D-5247-46E3-8069-D67D92EF33B0}.Debug|Any CPU.Build.0 = Debug|Any CPU
		{30CA754D-5247-46E3-8069-D67D92EF33B0}.Release|Any CPU.ActiveCfg = Release|Any CPU
		{30CA754D-5247-46E3-8069-D67D92EF33B0}.Release|Any CPU.Build.0 = Release|Any CPU
		{4DD54C98-9D97-404D-B37D-A6ED43B6C3F3}.Debug|Any CPU.ActiveCfg = Debug|Any CPU
		{4DD54C98-9D97-404D-B37D-A6ED43B6C3F3}.Debug|Any CPU.Build.0 = Debug|Any CPU
		{4DD54C98-9D97-404D-B37D-A6ED43B6C3F3}.Release|Any CPU.ActiveCfg = Release|Any CPU
		{4DD54C98-9D97-404D-B37D-A6ED43B6C3F3}.Release|Any CPU.Build.0 = Release|Any CPU
	EndGlobalSection
	GlobalSection(SolutionProperties) = preSolution
		HideSolutionNode = FALSE
	EndGlobalSection
	GlobalSection(NestedProjects) = preSolution
		{B036A77C-0BAF-4FAC-89B1-18CD894D632A} = {FB27B4B3-9708-47FC-BD6B-F9BF052EBCDB}
		{54C15FB4-C895-43A8-8109-5FC63B9762FD} = {B036A77C-0BAF-4FAC-89B1-18CD894D632A}
		{976B024F-6C05-4C1A-9B11-B40ACE542068} = {FB27B4B3-9708-47FC-BD6B-F9BF052EBCDB}
		{039F7001-8457-460C-A73C-1BBF7AA51B2A} = {976B024F-6C05-4C1A-9B11-B40ACE542068}
		{297B4DB7-777B-44BA-9AC4-7538EF0EC7A1} = {FB27B4B3-9708-47FC-BD6B-F9BF052EBCDB}
		{A66249BD-41A7-43BA-8FE6-CF602B1903CF} = {297B4DB7-777B-44BA-9AC4-7538EF0EC7A1}
		{7873B41D-FD8A-4434-9FB5-463A947492E0} = {FB27B4B3-9708-47FC-BD6B-F9BF052EBCDB}
		{30CA754D-5247-46E3-8069-D67D92EF33B0} = {7873B41D-FD8A-4434-9FB5-463A947492E0}
		{4DD54C98-9D97-404D-B37D-A6ED43B6C3F3} = {7873B41D-FD8A-4434-9FB5-463A947492E0}
	EndGlobalSection
	GlobalSection(ExtensibilityGlobals) = postSolution
		SolutionGuid = {0E8B9EEC-6475-42A8-A614-E3E276C50492}
	EndGlobalSection
EndGlobal
